
Microsoft Visual Studio Solution File, Format Version 12.00
# Visual Studio Version 17
VisualStudioVersion = 17.13.35825.156 d17.13
MinimumVisualStudioVersion = 10.0.40219.1
Project("{FAE04EC0-301F-11D3-BF4B-00C04F79EFBC}") = "OvejaStore", "OvejaStore\OvejaStore.csproj", "{C06A89FE-96D5-4ACC-9AA1-672816B8445D}"
EndProject
Global
	GlobalSection(SolutionConfigurationPlatforms) = preSolution
		Debug|Any CPU = Debug|Any CPU
		Release|Any CPU = Release|Any CPU
	EndGlobalSection
	GlobalSection(ProjectConfigurationPlatforms) = postSolution
		{C06A89FE-96D5-4ACC-9AA1-672816B8445D}.Debug|Any CPU.ActiveCfg = Debug|Any CPU
		{C06A89FE-96D5-4ACC-9AA1-672816B8445D}.Debug|Any CPU.Build.0 = Debug|Any CPU
		{C06A89FE-96D5-4ACC-9AA1-672816B8445D}.Release|Any CPU.ActiveCfg = Release|Any CPU
		{C06A89FE-96D5-4ACC-9AA1-672816B8445D}.Release|Any CPU.Build.0 = Release|Any CPU
	EndGlobalSection
	GlobalSection(SolutionProperties) = preSolution
		HideSolutionNode = FALSE
	EndGlobalSection
	GlobalSection(ExtensibilityGlobals) = postSolution
		SolutionGuid = {F77F0A53-2213-496D-8442-29FD6D383D34}
	EndGlobalSection
EndGlobal
